
Microsoft Visual Studio Solution File, Format Version 12.00
# Visual Studio Version 17
VisualStudioVersion = 17.12.35506.116
MinimumVisualStudioVersion = 10.0.40219.1
Project("{2150E333-8FDC-42A3-9474-1A3956D46DE8}") = "UserService", "UserService", "{5FAC7BA9-BB35-49AD-A050-84A95C3BB3EB}"
EndProject
Project("{2150E333-8FDC-42A3-9474-1A3956D46DE8}") = "ProductService", "ProductService", "{A3E75CD6-811F-45E1-B3BF-83EDAA895712}"
EndProject
Project("{2150E333-8FDC-42A3-9474-1A3956D46DE8}") = "OrderService", "OrderService", "{D17263E5-0D62-4E70-9CCB-0C9A37B78D7B}"
EndProject
Project("{2150E333-8FDC-42A3-9474-1A3956D46DE8}") = "PaymentService", "PaymentService", "{D0E04F32-235A-456E-9B9A-89AC6382D907}"
EndProject
Project("{2150E333-8FDC-42A3-9474-1A3956D46DE8}") = "NotificationService", "NotificationService", "{FD192DF7-C945-4936-872A-09ABA94F2A1C}"
EndProject
Project("{FAE04EC0-301F-11D3-BF4B-00C04F79EFBC}") = "UserService.Domain", "UserService.Domain\UserService.Domain.csproj", "{72DD4C80-C82A-48DF-B35D-4A44C5F4A45B}"
EndProject
Project("{FAE04EC0-301F-11D3-BF4B-00C04F79EFBC}") = "UserService.Application", "UserService.Application\UserService.Application.csproj", "{440C7153-0B48-47FF-89B2-A7BE17159C07}"
EndProject
Project("{FAE04EC0-301F-11D3-BF4B-00C04F79EFBC}") = "UserService.Infrastructure", "UserService.Infrastructure\UserService.Infrastructure.csproj", "{97995566-195E-4ABE-87B3-6643DF04315F}"
EndProject
Project("{FAE04EC0-301F-11D3-BF4B-00C04F79EFBC}") = "UserService.API", "UserService.API\UserService.API.csproj", "{A3F04772-3B47-4CF2-AD5F-91AD0050EC33}"
EndProject
Project("{FAE04EC0-301F-11D3-BF4B-00C04F79EFBC}") = "UserService.Tests", "UserService.Tests\UserService.Tests.csproj", "{7F0DB36C-074F-4E07-996A-634CE71E73E9}"
EndProject
Project("{FAE04EC0-301F-11D3-BF4B-00C04F79EFBC}") = "ProductService.Domain", "ProductService.Domain\ProductService.Domain.csproj", "{68BF4CD2-7707-48A8-A9AD-3653A1EB11DE}"
EndProject
Project("{FAE04EC0-301F-11D3-BF4B-00C04F79EFBC}") = "ProductService.Infrastructure", "ProductService.Infrastructure\ProductService.Infrastructure.csproj", "{89EC664E-5373-47B5-85C7-EE7459728316}"
EndProject
Project("{FAE04EC0-301F-11D3-BF4B-00C04F79EFBC}") = "ProductService.Application", "ProductService.Application\ProductService.Application.csproj", "{2F9462D5-2AC8-4DD1-9397-97FD1AD67E6D}"
EndProject
Project("{FAE04EC0-301F-11D3-BF4B-00C04F79EFBC}") = "ProductService.Tests", "ProductService.Tests\ProductService.Tests.csproj", "{815F4A73-68B8-4207-9545-4C608E9E4C9E}"
EndProject
Project("{FAE04EC0-301F-11D3-BF4B-00C04F79EFBC}") = "OrderService.Domain", "OrderService.Domain\OrderService.Domain.csproj", "{189C3A68-4A86-46B5-A29F-D698E11864DA}"
EndProject
Project("{FAE04EC0-301F-11D3-BF4B-00C04F79EFBC}") = "OrderService.Infrastructure", "OrderService.Infrastructure\OrderService.Infrastructure.csproj", "{57FF6A00-2D99-4972-A4AD-0B2C55688C69}"
EndProject
Project("{FAE04EC0-301F-11D3-BF4B-00C04F79EFBC}") = "OrderService.Application", "OrderService.Application\OrderService.Application.csproj", "{F10AD984-AD6D-4713-95C3-7B9FC1808D59}"
EndProject
Project("{FAE04EC0-301F-11D3-BF4B-00C04F79EFBC}") = "OrderService.API", "OrderService.API\OrderService.API.csproj", "{89C2F3AF-D515-4E84-8584-814B64450ABB}"
EndProject
Project("{FAE04EC0-301F-11D3-BF4B-00C04F79EFBC}") = "OrderService.Tests", "OrderService.Tests\OrderService.Tests.csproj", "{8BFB4F0B-C747-4E1C-BE14-8D34CB3B39DC}"
EndProject
Project("{FAE04EC0-301F-11D3-BF4B-00C04F79EFBC}") = "PaymentService.Domain", "PaymentService.Domain\PaymentService.Domain.csproj", "{CF022F95-C1BE-47EA-8EA3-8997AADEADFF}"
EndProject
Project("{FAE04EC0-301F-11D3-BF4B-00C04F79EFBC}") = "PaymentService.Infrastructure", "PaymentService.Infrastructure\PaymentService.Infrastructure.csproj", "{F3D4A5BF-E3F2-4C9C-A964-37441BD970E0}"
EndProject
Project("{FAE04EC0-301F-11D3-BF4B-00C04F79EFBC}") = "PaymentService.Application", "PaymentService.Application\PaymentService.Application.csproj", "{B40D575F-38B6-4DA6-BC74-55519FC51370}"
EndProject
Project("{FAE04EC0-301F-11D3-BF4B-00C04F79EFBC}") = "PaymentService.API", "PaymentService.API\PaymentService.API.csproj", "{C4A407DF-0B6B-4AE4-8632-FA96BD1B6873}"
EndProject
Project("{FAE04EC0-301F-11D3-BF4B-00C04F79EFBC}") = "PaymentService.Tests", "PaymentService.Tests\PaymentService.Tests.csproj", "{98B9D97E-A634-4C13-8EA0-426773F2B35E}"
EndProject
Project("{FAE04EC0-301F-11D3-BF4B-00C04F79EFBC}") = "NotificationService.Domain", "NotificationService.Domain\NotificationService.Domain.csproj", "{3BC21475-0F1F-48FE-8FD7-F3ED379C1EA4}"
EndProject
Project("{FAE04EC0-301F-11D3-BF4B-00C04F79EFBC}") = "NotificationService.Infrastructure", "NotificationService.Infrastructure\NotificationService.Infrastructure.csproj", "{FE730F08-47CA-4846-8E21-C96D1A912F31}"
EndProject
Project("{FAE04EC0-301F-11D3-BF4B-00C04F79EFBC}") = "NotificationService.Application", "NotificationService.Application\NotificationService.Application.csproj", "{17DC25E1-99D4-466E-8FD9-B21D9F538A0A}"
EndProject
Project("{FAE04EC0-301F-11D3-BF4B-00C04F79EFBC}") = "NotificationService.API", "NotificationService.API\NotificationService.API.csproj", "{5C6E1FBB-66D5-42AE-A538-D25E1055CD15}"
EndProject
Project("{FAE04EC0-301F-11D3-BF4B-00C04F79EFBC}") = "NotificationService.Tests", "NotificationService.Tests\NotificationService.Tests.csproj", "{9C18E784-CE46-414C-99A4-A40A73164B0C}"
EndProject
Project("{FAE04EC0-301F-11D3-BF4B-00C04F79EFBC}") = "ProductService.API", "ProductService.API\ProductService.API.csproj", "{BB80F1F9-3B41-48F5-99E2-793C7A5012D8}"
EndProject
Project("{FAE04EC0-301F-11D3-BF4B-00C04F79EFBC}") = "OrderService.Contracts", "OrderService.Contracts\OrderService.Contracts.csproj", "{868D3148-138A-4768-B73C-D397F9B0BECC}"
EndProject
Global
	GlobalSection(SolutionConfigurationPlatforms) = preSolution
		Debug|Any CPU = Debug|Any CPU
		Release|Any CPU = Release|Any CPU
	EndGlobalSection
	GlobalSection(ProjectConfigurationPlatforms) = postSolution
		{72DD4C80-C82A-48DF-B35D-4A44C5F4A45B}.Debug|Any CPU.ActiveCfg = Debug|Any CPU
		{72DD4C80-C82A-48DF-B35D-4A44C5F4A45B}.Debug|Any CPU.Build.0 = Debug|Any CPU
		{72DD4C80-C82A-48DF-B35D-4A44C5F4A45B}.Release|Any CPU.ActiveCfg = Release|Any CPU
		{72DD4C80-C82A-48DF-B35D-4A44C5F4A45B}.Release|Any CPU.Build.0 = Release|Any CPU
		{440C7153-0B48-47FF-89B2-A7BE17159C07}.Debug|Any CPU.ActiveCfg = Debug|Any CPU
		{440C7153-0B48-47FF-89B2-A7BE17159C07}.Debug|Any CPU.Build.0 = Debug|Any CPU
		{440C7153-0B48-47FF-89B2-A7BE17159C07}.Release|Any CPU.ActiveCfg = Release|Any CPU
		{440C7153-0B48-47FF-89B2-A7BE17159C07}.Release|Any CPU.Build.0 = Release|Any CPU
		{97995566-195E-4ABE-87B3-6643DF04315F}.Debug|Any CPU.ActiveCfg = Debug|Any CPU
		{97995566-195E-4ABE-87B3-6643DF04315F}.Debug|Any CPU.Build.0 = Debug|Any CPU
		{97995566-195E-4ABE-87B3-6643DF04315F}.Release|Any CPU.ActiveCfg = Release|Any CPU
		{97995566-195E-4ABE-87B3-6643DF04315F}.Release|Any CPU.Build.0 = Release|Any CPU
		{A3F04772-3B47-4CF2-AD5F-91AD0050EC33}.Debug|Any CPU.ActiveCfg = Debug|Any CPU
		{A3F04772-3B47-4CF2-AD5F-91AD0050EC33}.Debug|Any CPU.Build.0 = Debug|Any CPU
		{A3F04772-3B47-4CF2-AD5F-91AD0050EC33}.Release|Any CPU.ActiveCfg = Release|Any CPU
		{A3F04772-3B47-4CF2-AD5F-91AD0050EC33}.Release|Any CPU.Build.0 = Release|Any CPU
		{7F0DB36C-074F-4E07-996A-634CE71E73E9}.Debug|Any CPU.ActiveCfg = Debug|Any CPU
		{7F0DB36C-074F-4E07-996A-634CE71E73E9}.Debug|Any CPU.Build.0 = Debug|Any CPU
		{7F0DB36C-074F-4E07-996A-634CE71E73E9}.Release|Any CPU.ActiveCfg = Release|Any CPU
		{7F0DB36C-074F-4E07-996A-634CE71E73E9}.Release|Any CPU.Build.0 = Release|Any CPU
		{68BF4CD2-7707-48A8-A9AD-3653A1EB11DE}.Debug|Any CPU.ActiveCfg = Debug|Any CPU
		{68BF4CD2-7707-48A8-A9AD-3653A1EB11DE}.Debug|Any CPU.Build.0 = Debug|Any CPU
		{68BF4CD2-7707-48A8-A9AD-3653A1EB11DE}.Release|Any CPU.ActiveCfg = Release|Any CPU
		{68BF4CD2-7707-48A8-A9AD-3653A1EB11DE}.Release|Any CPU.Build.0 = Release|Any CPU
		{89EC664E-5373-47B5-85C7-EE7459728316}.Debug|Any CPU.ActiveCfg = Debug|Any CPU
		{89EC664E-5373-47B5-85C7-EE7459728316}.Debug|Any CPU.Build.0 = Debug|Any CPU
		{89EC664E-5373-47B5-85C7-EE7459728316}.Release|Any CPU.ActiveCfg = Release|Any CPU
		{89EC664E-5373-47B5-85C7-EE7459728316}.Release|Any CPU.Build.0 = Release|Any CPU
		{2F9462D5-2AC8-4DD1-9397-97FD1AD67E6D}.Debug|Any CPU.ActiveCfg = Debug|Any CPU
		{2F9462D5-2AC8-4DD1-9397-97FD1AD67E6D}.Debug|Any CPU.Build.0 = Debug|Any CPU
		{2F9462D5-2AC8-4DD1-9397-97FD1AD67E6D}.Release|Any CPU.ActiveCfg = Release|Any CPU
		{2F9462D5-2AC8-4DD1-9397-97FD1AD67E6D}.Release|Any CPU.Build.0 = Release|Any CPU
		{815F4A73-68B8-4207-9545-4C608E9E4C9E}.Debug|Any CPU.ActiveCfg = Debug|Any CPU
		{815F4A73-68B8-4207-9545-4C608E9E4C9E}.Debug|Any CPU.Build.0 = Debug|Any CPU
		{815F4A73-68B8-4207-9545-4C608E9E4C9E}.Release|Any CPU.ActiveCfg = Release|Any CPU
		{815F4A73-68B8-4207-9545-4C608E9E4C9E}.Release|Any CPU.Build.0 = Release|Any CPU
		{189C3A68-4A86-46B5-A29F-D698E11864DA}.Debug|Any CPU.ActiveCfg = Debug|Any CPU
		{189C3A68-4A86-46B5-A29F-D698E11864DA}.Debug|Any CPU.Build.0 = Debug|Any CPU
		{189C3A68-4A86-46B5-A29F-D698E11864DA}.Release|Any CPU.ActiveCfg = Release|Any CPU
		{189C3A68-4A86-46B5-A29F-D698E11864DA}.Release|Any CPU.Build.0 = Release|Any CPU
		{57FF6A00-2D99-4972-A4AD-0B2C55688C69}.Debug|Any CPU.ActiveCfg = Debug|Any CPU
		{57FF6A00-2D99-4972-A4AD-0B2C55688C69}.Debug|Any CPU.Build.0 = Debug|Any CPU
		{57FF6A00-2D99-4972-A4AD-0B2C55688C69}.Release|Any CPU.ActiveCfg = Release|Any CPU
		{57FF6A00-2D99-4972-A4AD-0B2C55688C69}.Release|Any CPU.Build.0 = Release|Any CPU
		{F10AD984-AD6D-4713-95C3-7B9FC1808D59}.Debug|Any CPU.ActiveCfg = Debug|Any CPU
		{F10AD984-AD6D-4713-95C3-7B9FC1808D59}.Debug|Any CPU.Build.0 = Debug|Any CPU
		{F10AD984-AD6D-4713-95C3-7B9FC1808D59}.Release|Any CPU.ActiveCfg = Release|Any CPU
		{F10AD984-AD6D-4713-95C3-7B9FC1808D59}.Release|Any CPU.Build.0 = Release|Any CPU
		{89C2F3AF-D515-4E84-8584-814B64450ABB}.Debug|Any CPU.ActiveCfg = Debug|Any CPU
		{89C2F3AF-D515-4E84-8584-814B64450ABB}.Debug|Any CPU.Build.0 = Debug|Any CPU
		{89C2F3AF-D515-4E84-8584-814B64450ABB}.Release|Any CPU.ActiveCfg = Release|Any CPU
		{89C2F3AF-D515-4E84-8584-814B64450ABB}.Release|Any CPU.Build.0 = Release|Any CPU
		{8BFB4F0B-C747-4E1C-BE14-8D34CB3B39DC}.Debug|Any CPU.ActiveCfg = Debug|Any CPU
		{8BFB4F0B-C747-4E1C-BE14-8D34CB3B39DC}.Debug|Any CPU.Build.0 = Debug|Any CPU
		{8BFB4F0B-C747-4E1C-BE14-8D34CB3B39DC}.Release|Any CPU.ActiveCfg = Release|Any CPU
		{8BFB4F0B-C747-4E1C-BE14-8D34CB3B39DC}.Release|Any CPU.Build.0 = Release|Any CPU
		{CF022F95-C1BE-47EA-8EA3-8997AADEADFF}.Debug|Any CPU.ActiveCfg = Debug|Any CPU
		{CF022F95-C1BE-47EA-8EA3-8997AADEADFF}.Debug|Any CPU.Build.0 = Debug|Any CPU
		{CF022F95-C1BE-47EA-8EA3-8997AADEADFF}.Release|Any CPU.ActiveCfg = Release|Any CPU
		{CF022F95-C1BE-47EA-8EA3-8997AADEADFF}.Release|Any CPU.Build.0 = Release|Any CPU
		{F3D4A5BF-E3F2-4C9C-A964-37441BD970E0}.Debug|Any CPU.ActiveCfg = Debug|Any CPU
		{F3D4A5BF-E3F2-4C9C-A964-37441BD970E0}.Debug|Any CPU.Build.0 = Debug|Any CPU
		{F3D4A5BF-E3F2-4C9C-A964-37441BD970E0}.Release|Any CPU.ActiveCfg = Release|Any CPU
		{F3D4A5BF-E3F2-4C9C-A964-37441BD970E0}.Release|Any CPU.Build.0 = Release|Any CPU
		{B40D575F-38B6-4DA6-BC74-55519FC51370}.Debug|Any CPU.ActiveCfg = Debug|Any CPU
		{B40D575F-38B6-4DA6-BC74-55519FC51370}.Debug|Any CPU.Build.0 = Debug|Any CPU
		{B40D575F-38B6-4DA6-BC74-55519FC51370}.Release|Any CPU.ActiveCfg = Release|Any CPU
		{B40D575F-38B6-4DA6-BC74-55519FC51370}.Release|Any CPU.Build.0 = Release|Any CPU
		{C4A407DF-0B6B-4AE4-8632-FA96BD1B6873}.Debug|Any CPU.ActiveCfg = Debug|Any CPU
		{C4A407DF-0B6B-4AE4-8632-FA96BD1B6873}.Debug|Any CPU.Build.0 = Debug|Any CPU
		{C4A407DF-0B6B-4AE4-8632-FA96BD1B6873}.Release|Any CPU.ActiveCfg = Release|Any CPU
		{C4A407DF-0B6B-4AE4-8632-FA96BD1B6873}.Release|Any CPU.Build.0 = Release|Any CPU
		{98B9D97E-A634-4C13-8EA0-426773F2B35E}.Debug|Any CPU.ActiveCfg = Debug|Any CPU
		{98B9D97E-A634-4C13-8EA0-426773F2B35E}.Debug|Any CPU.Build.0 = Debug|Any CPU
		{98B9D97E-A634-4C13-8EA0-426773F2B35E}.Release|Any CPU.ActiveCfg = Release|Any CPU
		{98B9D97E-A634-4C13-8EA0-426773F2B35E}.Release|Any CPU.Build.0 = Release|Any CPU
		{3BC21475-0F1F-48FE-8FD7-F3ED379C1EA4}.Debug|Any CPU.ActiveCfg = Debug|Any CPU
		{3BC21475-0F1F-48FE-8FD7-F3ED379C1EA4}.Debug|Any CPU.Build.0 = Debug|Any CPU
		{3BC21475-0F1F-48FE-8FD7-F3ED379C1EA4}.Release|Any CPU.ActiveCfg = Release|Any CPU
		{3BC21475-0F1F-48FE-8FD7-F3ED379C1EA4}.Release|Any CPU.Build.0 = Release|Any CPU
		{FE730F08-47CA-4846-8E21-C96D1A912F31}.Debug|Any CPU.ActiveCfg = Debug|Any CPU
		{FE730F08-47CA-4846-8E21-C96D1A912F31}.Debug|Any CPU.Build.0 = Debug|Any CPU
		{FE730F08-47CA-4846-8E21-C96D1A912F31}.Release|Any CPU.ActiveCfg = Release|Any CPU
		{FE730F08-47CA-4846-8E21-C96D1A912F31}.Release|Any CPU.Build.0 = Release|Any CPU
		{17DC25E1-99D4-466E-8FD9-B21D9F538A0A}.Debug|Any CPU.ActiveCfg = Debug|Any CPU
		{17DC25E1-99D4-466E-8FD9-B21D9F538A0A}.Debug|Any CPU.Build.0 = Debug|Any CPU
		{17DC25E1-99D4-466E-8FD9-B21D9F538A0A}.Release|Any CPU.ActiveCfg = Release|Any CPU
		{17DC25E1-99D4-466E-8FD9-B21D9F538A0A}.Release|Any CPU.Build.0 = Release|Any CPU
		{5C6E1FBB-66D5-42AE-A538-D25E1055CD15}.Debug|Any CPU.ActiveCfg = Debug|Any CPU
		{5C6E1FBB-66D5-42AE-A538-D25E1055CD15}.Debug|Any CPU.Build.0 = Debug|Any CPU
		{5C6E1FBB-66D5-42AE-A538-D25E1055CD15}.Release|Any CPU.ActiveCfg = Release|Any CPU
		{5C6E1FBB-66D5-42AE-A538-D25E1055CD15}.Release|Any CPU.Build.0 = Release|Any CPU
		{9C18E784-CE46-414C-99A4-A40A73164B0C}.Debug|Any CPU.ActiveCfg = Debug|Any CPU
		{9C18E784-CE46-414C-99A4-A40A73164B0C}.Debug|Any CPU.Build.0 = Debug|Any CPU
		{9C18E784-CE46-414C-99A4-A40A73164B0C}.Release|Any CPU.ActiveCfg = Release|Any CPU
		{9C18E784-CE46-414C-99A4-A40A73164B0C}.Release|Any CPU.Build.0 = Release|Any CPU
		{BB80F1F9-3B41-48F5-99E2-793C7A5012D8}.Debug|Any CPU.ActiveCfg = Debug|Any CPU
		{BB80F1F9-3B41-48F5-99E2-793C7A5012D8}.Debug|Any CPU.Build.0 = Debug|Any CPU
		{BB80F1F9-3B41-48F5-99E2-793C7A5012D8}.Release|Any CPU.ActiveCfg = Release|Any CPU
		{BB80F1F9-3B41-48F5-99E2-793C7A5012D8}.Release|Any CPU.Build.0 = Release|Any CPU
		{868D3148-138A-4768-B73C-D397F9B0BECC}.Debug|Any CPU.ActiveCfg = Debug|Any CPU
		{868D3148-138A-4768-B73C-D397F9B0BECC}.Debug|Any CPU.Build.0 = Debug|Any CPU
		{868D3148-138A-4768-B73C-D397F9B0BECC}.Release|Any CPU.ActiveCfg = Release|Any CPU
		{868D3148-138A-4768-B73C-D397F9B0BECC}.Release|Any CPU.Build.0 = Release|Any CPU
	EndGlobalSection
	GlobalSection(SolutionProperties) = preSolution
		HideSolutionNode = FALSE
	EndGlobalSection
	GlobalSection(NestedProjects) = preSolution
		{72DD4C80-C82A-48DF-B35D-4A44C5F4A45B} = {5FAC7BA9-BB35-49AD-A050-84A95C3BB3EB}
		{440C7153-0B48-47FF-89B2-A7BE17159C07} = {5FAC7BA9-BB35-49AD-A050-84A95C3BB3EB}
		{97995566-195E-4ABE-87B3-6643DF04315F} = {5FAC7BA9-BB35-49AD-A050-84A95C3BB3EB}
		{A3F04772-3B47-4CF2-AD5F-91AD0050EC33} = {5FAC7BA9-BB35-49AD-A050-84A95C3BB3EB}
		{7F0DB36C-074F-4E07-996A-634CE71E73E9} = {5FAC7BA9-BB35-49AD-A050-84A95C3BB3EB}
		{68BF4CD2-7707-48A8-A9AD-3653A1EB11DE} = {A3E75CD6-811F-45E1-B3BF-83EDAA895712}
		{89EC664E-5373-47B5-85C7-EE7459728316} = {A3E75CD6-811F-45E1-B3BF-83EDAA895712}
		{2F9462D5-2AC8-4DD1-9397-97FD1AD67E6D} = {A3E75CD6-811F-45E1-B3BF-83EDAA895712}
		{815F4A73-68B8-4207-9545-4C608E9E4C9E} = {A3E75CD6-811F-45E1-B3BF-83EDAA895712}
		{189C3A68-4A86-46B5-A29F-D698E11864DA} = {D17263E5-0D62-4E70-9CCB-0C9A37B78D7B}
		{57FF6A00-2D99-4972-A4AD-0B2C55688C69} = {D17263E5-0D62-4E70-9CCB-0C9A37B78D7B}
		{F10AD984-AD6D-4713-95C3-7B9FC1808D59} = {D17263E5-0D62-4E70-9CCB-0C9A37B78D7B}
		{89C2F3AF-D515-4E84-8584-814B64450ABB} = {D17263E5-0D62-4E70-9CCB-0C9A37B78D7B}
		{8BFB4F0B-C747-4E1C-BE14-8D34CB3B39DC} = {D17263E5-0D62-4E70-9CCB-0C9A37B78D7B}
		{CF022F95-C1BE-47EA-8EA3-8997AADEADFF} = {D0E04F32-235A-456E-9B9A-89AC6382D907}
		{F3D4A5BF-E3F2-4C9C-A964-37441BD970E0} = {D0E04F32-235A-456E-9B9A-89AC6382D907}
		{B40D575F-38B6-4DA6-BC74-55519FC51370} = {D0E04F32-235A-456E-9B9A-89AC6382D907}
		{C4A407DF-0B6B-4AE4-8632-FA96BD1B6873} = {D0E04F32-235A-456E-9B9A-89AC6382D907}
		{98B9D97E-A634-4C13-8EA0-426773F2B35E} = {D0E04F32-235A-456E-9B9A-89AC6382D907}
		{3BC21475-0F1F-48FE-8FD7-F3ED379C1EA4} = {FD192DF7-C945-4936-872A-09ABA94F2A1C}
		{FE730F08-47CA-4846-8E21-C96D1A912F31} = {FD192DF7-C945-4936-872A-09ABA94F2A1C}
		{17DC25E1-99D4-466E-8FD9-B21D9F538A0A} = {FD192DF7-C945-4936-872A-09ABA94F2A1C}
		{5C6E1FBB-66D5-42AE-A538-D25E1055CD15} = {FD192DF7-C945-4936-872A-09ABA94F2A1C}
		{9C18E784-CE46-414C-99A4-A40A73164B0C} = {FD192DF7-C945-4936-872A-09ABA94F2A1C}
		{BB80F1F9-3B41-48F5-99E2-793C7A5012D8} = {A3E75CD6-811F-45E1-B3BF-83EDAA895712}
		{868D3148-138A-4768-B73C-D397F9B0BECC} = {D17263E5-0D62-4E70-9CCB-0C9A37B78D7B}
	EndGlobalSection
EndGlobal
